# This file is automatically @generated by Poetry and should not be changed by hand.

[[package]]
name = "mpmath"
version = "1.3.0"
description = "Python library for arbitrary-precision floating-point arithmetic"
category = "main"
optional = false
python-versions = "*"
files = [
    {file = "mpmath-1.3.0-py3-none-any.whl", hash = "sha256:a0b2b9fe80bbcd81a6647ff13108738cfb482d481d826cc0e02f5b35e5c88d2c"},
    {file = "mpmath-1.3.0.tar.gz", hash = "sha256:7a28eb2a9774d00c7bc92411c19a89209d5da7c4c9a9e227be8330a23a25b91f"},
]

[package.extras]
develop = ["codecov", "pycodestyle", "pytest (>=4.6)", "pytest-cov", "wheel"]
docs = ["sphinx"]
gmpy = ["gmpy2 (>=2.1.0a4)"]
tests = ["pytest (>=4.6)"]

[[package]]
name = "numpy"
version = "1.24.2"
description = "Fundamental package for array computing in Python"
category = "main"
optional = false
python-versions = ">=3.8"
files = [
    {file = "numpy-1.24.2-cp310-cp310-macosx_10_9_x86_64.whl", hash = "sha256:eef70b4fc1e872ebddc38cddacc87c19a3709c0e3e5d20bf3954c147b1dd941d"},
    {file = "numpy-1.24.2-cp310-cp310-macosx_11_0_arm64.whl", hash = "sha256:e8d2859428712785e8a8b7d2b3ef0a1d1565892367b32f915c4a4df44d0e64f5"},
    {file = "numpy-1.24.2-cp310-cp310-manylinux_2_17_aarch64.manylinux2014_aarch64.whl", hash = "sha256:6524630f71631be2dabe0c541e7675db82651eb998496bbe16bc4f77f0772253"},
    {file = "numpy-1.24.2-cp310-cp310-manylinux_2_17_x86_64.manylinux2014_x86_64.whl", hash = "sha256:a51725a815a6188c662fb66fb32077709a9ca38053f0274640293a14fdd22978"},
    {file = "numpy-1.24.2-cp310-cp310-win32.whl", hash = "sha256:2620e8592136e073bd12ee4536149380695fbe9ebeae845b81237f986479ffc9"},
    {file = "numpy-1.24.2-cp310-cp310-win_amd64.whl", hash = "sha256:97cf27e51fa078078c649a51d7ade3c92d9e709ba2bfb97493007103c741f1d0"},
    {file = "numpy-1.24.2-cp311-cp311-macosx_10_9_x86_64.whl", hash = "sha256:7de8fdde0003f4294655aa5d5f0a89c26b9f22c0a58790c38fae1ed392d44a5a"},
    {file = "numpy-1.24.2-cp311-cp311-macosx_11_0_arm64.whl", hash = "sha256:4173bde9fa2a005c2c6e2ea8ac1618e2ed2c1c6ec8a7657237854d42094123a0"},
    {file = "numpy-1.24.2-cp311-cp311-manylinux_2_17_aarch64.manylinux2014_aarch64.whl", hash = "sha256:4cecaed30dc14123020f77b03601559fff3e6cd0c048f8b5289f4eeabb0eb281"},
    {file = "numpy-1.24.2-cp311-cp311-manylinux_2_17_x86_64.manylinux2014_x86_64.whl", hash = "sha256:9a23f8440561a633204a67fb44617ce2a299beecf3295f0d13c495518908e910"},
    {file = "numpy-1.24.2-cp311-cp311-win32.whl", hash = "sha256:e428c4fbfa085f947b536706a2fc349245d7baa8334f0c5723c56a10595f9b95"},
    {file = "numpy-1.24.2-cp311-cp311-win_amd64.whl", hash = "sha256:557d42778a6869c2162deb40ad82612645e21d79e11c1dc62c6e82a2220ffb04"},
    {file = "numpy-1.24.2-cp38-cp38-macosx_10_9_x86_64.whl", hash = "sha256:d0a2db9d20117bf523dde15858398e7c0858aadca7c0f088ac0d6edd360e9ad2"},
    {file = "numpy-1.24.2-cp38-cp38-macosx_11_0_arm64.whl", hash = "sha256:c72a6b2f4af1adfe193f7beb91ddf708ff867a3f977ef2ec53c0ffb8283ab9f5"},
    {file = "numpy-1.24.2-cp38-cp38-manylinux_2_17_aarch64.manylinux2014_aarch64.whl", hash = "sha256:c29e6bd0ec49a44d7690ecb623a8eac5ab8a923bce0bea6293953992edf3a76a"},
    {file = "numpy-1.24.2-cp38-cp38-manylinux_2_17_x86_64.manylinux2014_x86_64.whl", hash = "sha256:2eabd64ddb96a1239791da78fa5f4e1693ae2dadc82a76bc76a14cbb2b966e96"},
    {file = "numpy-1.24.2-cp38-cp38-win32.whl", hash = "sha256:e3ab5d32784e843fc0dd3ab6dcafc67ef806e6b6828dc6af2f689be0eb4d781d"},
    {file = "numpy-1.24.2-cp38-cp38-win_amd64.whl", hash = "sha256:76807b4063f0002c8532cfeac47a3068a69561e9c8715efdad3c642eb27c0756"},
    {file = "numpy-1.24.2-cp39-cp39-macosx_10_9_x86_64.whl", hash = "sha256:4199e7cfc307a778f72d293372736223e39ec9ac096ff0a2e64853b866a8e18a"},
    {file = "numpy-1.24.2-cp39-cp39-macosx_11_0_arm64.whl", hash = "sha256:adbdce121896fd3a17a77ab0b0b5eedf05a9834a18699db6829a64e1dfccca7f"},
    {file = "numpy-1.24.2-cp39-cp39-manylinux_2_17_aarch64.manylinux2014_aarch64.whl", hash = "sha256:889b2cc88b837d86eda1b17008ebeb679d82875022200c6e8e4ce6cf549b7acb"},
    {file = "numpy-1.24.2-cp39-cp39-manylinux_2_17_x86_64.manylinux2014_x86_64.whl", hash = "sha256:f64bb98ac59b3ea3bf74b02f13836eb2e24e48e0ab0145bbda646295769bd780"},
    {file = "numpy-1.24.2-cp39-cp39-win32.whl", hash = "sha256:63e45511ee4d9d976637d11e6c9864eae50e12dc9598f531c035265991910468"},
    {file = "numpy-1.24.2-cp39-cp39-win_amd64.whl", hash = "sha256:a77d3e1163a7770164404607b7ba3967fb49b24782a6ef85d9b5f54126cc39e5"},
    {file = "numpy-1.24.2-pp38-pypy38_pp73-macosx_10_9_x86_64.whl", hash = "sha256:92011118955724465fb6853def593cf397b4a1367495e0b59a7e69d40c4eb71d"},
    {file = "numpy-1.24.2-pp38-pypy38_pp73-manylinux_2_17_x86_64.manylinux2014_x86_64.whl", hash = "sha256:f9006288bcf4895917d02583cf3411f98631275bc67cce355a7f39f8c14338fa"},
    {file = "numpy-1.24.2-pp38-pypy38_pp73-win_amd64.whl", hash = "sha256:150947adbdfeceec4e5926d956a06865c1c690f2fd902efede4ca6fe2e657c3f"},
    {file = "numpy-1.24.2.tar.gz", hash = "sha256:003a9f530e880cb2cd177cba1af7220b9aa42def9c4afc2a2fc3ee6be7eb2b22"},
]

[[package]]
name = "polyscope"
version = "1.3.1"
description = "Polyscope: A viewer and user interface for 3D data."
category = "main"
optional = false
python-versions = "*"
files = [
    {file = "polyscope-1.3.1-cp310-cp310-macosx_10_9_universal2.whl", hash = "sha256:005a9731b40a7b4b56b08de9105872022c913b404bfa4a5f3be506a4cd67deac"},
    {file = "polyscope-1.3.1-cp310-cp310-macosx_10_9_x86_64.whl", hash = "sha256:df69876303c9f834bedea39ee78c6b35c36f196c3828f2dac505321ba039622c"},
    {file = "polyscope-1.3.1-cp310-cp310-macosx_11_0_arm64.whl", hash = "sha256:a3a9b70ef46b5d99f9210f1ca12248ed0694dafdc27710bbff6e22905b3d3c50"},
    {file = "polyscope-1.3.1-cp310-cp310-manylinux_2_17_i686.manylinux2014_i686.whl", hash = "sha256:1b993b5aa71bbdd82cae0a6ef668f45ef2ae4a617069e8982ef9e31a82d47573"},
    {file = "polyscope-1.3.1-cp310-cp310-manylinux_2_17_x86_64.manylinux2014_x86_64.whl", hash = "sha256:50e4ac1132779a23f931e44918ffbdd4d67bbd504d4222837ce3105e920eeba1"},
    {file = "polyscope-1.3.1-cp310-cp310-win32.whl", hash = "sha256:54da8aae2db79582243a11c038c9e503c22ab6bcb33fea832e29f11020e0bfc3"},
    {file = "polyscope-1.3.1-cp310-cp310-win_amd64.whl", hash = "sha256:a75829b21ccb2c433ebc3916fbdb0e453898add56d505d94f102fda74aaac8e8"},
    {file = "polyscope-1.3.1-cp36-cp36m-macosx_10_9_x86_64.whl", hash = "sha256:c92093fa74b05637108884d70ff81ec9ee56859824cc07126cb20062c1883904"},
    {file = "polyscope-1.3.1-cp36-cp36m-manylinux_2_17_i686.manylinux2014_i686.whl", hash = "sha256:d4f4b397bb1f356f6cdbea22048312897b98dfaf6b8d10892c484429a9745c44"},
    {file = "polyscope-1.3.1-cp36-cp36m-manylinux_2_17_x86_64.manylinux2014_x86_64.whl", hash = "sha256:3dc09363aab59f08ab987d2b4eaab83b09d7ba6671a8c4c4e98e7f48ea39bc45"},
    {file = "polyscope-1.3.1-cp36-cp36m-win32.whl", hash = "sha256:615dde30732583eafad38f413131bc61b851a139ec2087b67e3b9144559787d9"},
    {file = "polyscope-1.3.1-cp36-cp36m-win_amd64.whl", hash = "sha256:18332b519a1c65162fd145e894fceda2dbff9d241aa355a45115ed3c59196982"},
    {file = "polyscope-1.3.1-cp37-cp37m-macosx_10_9_x86_64.whl", hash = "sha256:95298700ee0b5b364e3e9dd651031025b8a1e2356b3df6225c7fa1f7275ea2c2"},
    {file = "polyscope-1.3.1-cp37-cp37m-manylinux_2_17_i686.manylinux2014_i686.whl", hash = "sha256:e6394a65ef337c722a94212cf745b065d0c155014dddfe32c144c89ecb55e227"},
    {file = "polyscope-1.3.1-cp37-cp37m-manylinux_2_17_x86_64.manylinux2014_x86_64.whl", hash = "sha256:b18c4e3eb9f122a0ae38434598f2bed6f50b5d8dc98f74a0a18c12d2ce75fdc1"},
    {file = "polyscope-1.3.1-cp37-cp37m-win32.whl", hash = "sha256:341890810d0e7a20e0ccf7c2ed7ab3f2142a2436dc0276306e2aaaee04236ec3"},
    {file = "polyscope-1.3.1-cp37-cp37m-win_amd64.whl", hash = "sha256:1305efb53a189cf9644a46541874f71be618ea51cf7b8a50b005f0ef6581af98"},
    {file = "polyscope-1.3.1-cp38-cp38-macosx_10_9_universal2.whl", hash = "sha256:309e04bc1758fedc732d8fd45656c17053d19c572a96fcfea8c8ec2bb2b7d568"},
    {file = "polyscope-1.3.1-cp38-cp38-macosx_10_9_x86_64.whl", hash = "sha256:63e83ce06471ec5d3f16c619495689b4ca0983d1e862f7996bf5a10db7667c5a"},
    {file = "polyscope-1.3.1-cp38-cp38-macosx_11_0_arm64.whl", hash = "sha256:0f10ae10d973bc880db1bd2621c05690334825229e86fc9dbbda13bf0c398dd1"},
    {file = "polyscope-1.3.1-cp38-cp38-manylinux_2_17_i686.manylinux2014_i686.whl", hash = "sha256:0e7121e40b26ba9b51702d5eba0b0d99d608e89ea6a851cb0e76174e4de85722"},
    {file = "polyscope-1.3.1-cp38-cp38-manylinux_2_17_x86_64.manylinux2014_x86_64.whl", hash = "sha256:150cf5c3471abafd73f51d04bdd86ed84074246449b5aa3e9466ae30909d516b"},
    {file = "polyscope-1.3.1-cp38-cp38-win32.whl", hash = "sha256:d7128e29375017c180d42dca4c548cc239d2f2939166cc9e4a8e2eda22b58c3e"},
    {file = "polyscope-1.3.1-cp38-cp38-win_amd64.whl", hash = "sha256:adc369ec3eb67847ca58e948bd5c258c2400040acc77bf33784a0c0be4c06cb0"},
    {file = "polyscope-1.3.1-cp39-cp39-macosx_10_9_universal2.whl", hash = "sha256:966c6fc777332319d2355ee62797470f416c0b3f9bcb7fb8183371421c2e02ff"},
    {file = "polyscope-1.3.1-cp39-cp39-macosx_10_9_x86_64.whl", hash = "sha256:2c9d4f4dd20712c82b45d85cf3e701de88b06e1c4b51efad9f07400beb54ff21"},
    {file = "polyscope-1.3.1-cp39-cp39-macosx_11_0_arm64.whl", hash = "sha256:9f98ea068e5dfdc9a1373573ed1693afdb21a63c344805a6fc4df748edfec9a7"},
    {file = "polyscope-1.3.1-cp39-cp39-manylinux_2_17_i686.manylinux2014_i686.whl", hash = "sha256:f275a0d1d8a17bca8a18861ffd9099d5a9039ce69c06a085eecd89e76bb38a97"},
    {file = "polyscope-1.3.1-cp39-cp39-manylinux_2_17_x86_64.manylinux2014_x86_64.whl", hash = "sha256:6826218860d9eaccea80b111858231391678c231be8a4d2e6d6e82e411217a43"},
    {file = "polyscope-1.3.1-cp39-cp39-win32.whl", hash = "sha256:21030f6d6870016d36b1873bee04d35a76f5229ee3aab798eb5d4d9ece01387b"},
    {file = "polyscope-1.3.1-cp39-cp39-win_amd64.whl", hash = "sha256:07c4a31eb3f401829573d938cd5686a20eb3d0842105fea0513c93bcde4c4748"},
    {file = "polyscope-1.3.1-pp37-pypy37_pp73-macosx_10_9_x86_64.whl", hash = "sha256:e67ff78e710aba82fa4be2c1b1cbc3224c1bed0699756386aaf066866f76292e"},
    {file = "polyscope-1.3.1-pp37-pypy37_pp73-manylinux_2_17_i686.manylinux2014_i686.whl", hash = "sha256:f16a77fe557bdd41ab0b743ee4dec4a4e013f4b4561d350499065d7a7207bdb0"},
    {file = "polyscope-1.3.1-pp37-pypy37_pp73-manylinux_2_17_x86_64.manylinux2014_x86_64.whl", hash = "sha256:8c86c8bd83ba765b20474351977f4ee073fe393ab61a1d20a28b4f4d3a48347a"},
    {file = "polyscope-1.3.1-pp37-pypy37_pp73-win_amd64.whl", hash = "sha256:cd66a48ecd6e33e3d49b58899e17cd1d9181b4b0706d9f16650b40541efc520d"},
    {file = "polyscope-1.3.1-pp38-pypy38_pp73-macosx_10_9_x86_64.whl", hash = "sha256:619dfe14a9dcbeab811c823c4870d3c5e458ee9696cb109bb8ab539759f45411"},
    {file = "polyscope-1.3.1-pp38-pypy38_pp73-manylinux_2_17_i686.manylinux2014_i686.whl", hash = "sha256:c855c06fe49156e82163c58d84971866615bc1e2ad917fe701913b175214572a"},
    {file = "polyscope-1.3.1-pp38-pypy38_pp73-manylinux_2_17_x86_64.manylinux2014_x86_64.whl", hash = "sha256:d17a1e2f1e918b40b55de0bcc821b60c4165f282c3adee31df97c385f9a8bfea"},
    {file = "polyscope-1.3.1-pp38-pypy38_pp73-win_amd64.whl", hash = "sha256:f8e86255f535ede316325b42137e3baae1cc81c111c76bcab4b7f14181903364"},
    {file = "polyscope-1.3.1.tar.gz", hash = "sha256:f9494ceaf99ad30f481a7ca2f91fb64e0f19a48b9d36992b340bc945f55be9eb"},
]

[package.dependencies]
numpy = "*"

[[package]]
name = "sympy"
version = "1.11.1"
description = "Computer algebra system (CAS) in Python"
category = "main"
optional = false
python-versions = ">=3.8"
files = [
    {file = "sympy-1.11.1-py3-none-any.whl", hash = "sha256:938f984ee2b1e8eae8a07b884c8b7a1146010040fccddc6539c54f401c8f6fcf"},
    {file = "sympy-1.11.1.tar.gz", hash = "sha256:e32380dce63cb7c0108ed525570092fd45168bdae2faa17e528221ef72e88658"},
]

[package.dependencies]
mpmath = ">=0.19"

[metadata]
lock-version = "2.0"
python-versions = "^3.10"
content-hash = "374c0838bfd532dfd018a2bf92702d15747700240242d33b2db5366f7debdf42"
